
Microsoft Visual Studio Solution File, Format Version 12.00
# Visual Studio Version 16
VisualStudioVersion = 16.0.34601.136
MinimumVisualStudioVersion = 10.0.40219.1
Project("{FAE04EC0-301F-11D3-BF4B-00C04F79EFBC}") = "bono", "bono\bono.csproj", "{2D737EDB-3D62-4303-BA27-EEC7DFBED16D}"
EndProject
Global
	GlobalSection(SolutionConfigurationPlatforms) = preSolution
		Debug|Any CPU = Debug|Any CPU
		Release|Any CPU = Release|Any CPU
	EndGlobalSection
	GlobalSection(ProjectConfigurationPlatforms) = postSolution
		{2D737EDB-3D62-4303-BA27-EEC7DFBED16D}.Debug|Any CPU.ActiveCfg = Debug|Any CPU
		{2D737EDB-3D62-4303-BA27-EEC7DFBED16D}.Debug|Any CPU.Build.0 = Debug|Any CPU
		{2D737EDB-3D62-4303-BA27-EEC7DFBED16D}.Release|Any CPU.ActiveCfg = Release|Any CPU
		{2D737EDB-3D62-4303-BA27-EEC7DFBED16D}.Release|Any CPU.Build.0 = Release|Any CPU
	EndGlobalSection
	GlobalSection(SolutionProperties) = preSolution
		HideSolutionNode = FALSE
	EndGlobalSection
	GlobalSection(ExtensibilityGlobals) = postSolution
		SolutionGuid = {525B7F68-7ED8-46CB-8DD8-A95294B98057}
	EndGlobalSection
EndGlobal
